
Microsoft Visual Studio Solution File, Format Version 12.00
# Visual Studio Version 17
VisualStudioVersion = 17.0.32112.339
MinimumVisualStudioVersion = 10.0.40219.1
Project("{8BC9CEB8-8B4A-11D0-8D11-00A0C91BC942}") = "Project01", "Project01.vcxproj", "{F90F83C2-B1F2-4111-A0BF-78DF9B1B5117}"
EndProject
Global
	GlobalSection(SolutionConfigurationPlatforms) = preSolution
		Debug|x64 = Debug|x64
		Debug|x86 = Debug|x86
		Release|x64 = Release|x64
		Release|x86 = Release|x86
	EndGlobalSection
	GlobalSection(ProjectConfigurationPlatforms) = postSolution
		{F90F83C2-B1F2-4111-A0BF-78DF9B1B5117}.Debug|x64.ActiveCfg = Debug|x64
		{F90F83C2-B1F2-4111-A0BF-78DF9B1B5117}.Debug|x64.Build.0 = Debug|x64
		{F90F83C2-B1F2-4111-A0BF-78DF9B1B5117}.Debug|x86.ActiveCfg = Debug|Win32
		{F90F83C2-B1F2-4111-A0BF-78DF9B1B5117}.Debug|x86.Build.0 = Debug|Win32
		{F90F83C2-B1F2-4111-A0BF-78DF9B1B5117}.Release|x64.ActiveCfg = Release|x64
		{F90F83C2-B1F2-4111-A0BF-78DF9B1B5117}.Release|x64.Build.0 = Release|x64
		{F90F83C2-B1F2-4111-A0BF-78DF9B1B5117}.Release|x86.ActiveCfg = Release|Win32
		{F90F83C2-B1F2-4111-A0BF-78DF9B1B5117}.Release|x86.Build.0 = Release|Win32
	EndGlobalSection
	GlobalSection(SolutionProperties) = preSolution
		HideSolutionNode = FALSE
	EndGlobalSection
	GlobalSection(ExtensibilityGlobals) = postSolution
		SolutionGuid = {1B07CA34-DA3F-4514-A4E6-6558AAD02E99}
	EndGlobalSection
EndGlobal
